
{
  "name": "dashboard-backend",
  "version": "1.0.0",
  "lockfileVersion": 2,
  "requires": true,
  "packages": {
    "": {
      "name": "dashboard-backend",
      "version": "1.0.0",
      "dependencies": {
        "@prisma/client": "^5.7.1",
        "bcrypt": "^5.1.1",
        "compression": "^1.7.4",
        "cors": "^2.8.5",
        "dotenv": "^16.3.1",
        "express": "^4.18.2",
        "express-rate-limit": "^7.1.5",
        "helmet": "^7.1.0",
        "joi": "^17.11.0",
        "jsonwebtoken": "^9.0.2",
        "winston": "^3.11.0",
        "winston-daily-rotate-file": "^4.7.1"
      },
      "devDependencies": {
        "nodemon": "^3.0.2",
        "prisma": "^5.7.1"
      }
    },
    "node_modules/@prisma/client": {
      "version": "5.7.1",
      "resolved": "https://registry.npmjs.org/@prisma/client/-/client-5.7.1.tgz",
      "integrity": "sha512-g8+7D0W8gAOw46EaBFV8L9F1KkeFPMjt0Lm60T8H3KvYP7YuNP5y4VWp24+OlbCgJ8VcmL6pU+xpF4iGN53A+A=="
    },
    "node_modules/bcrypt": {
      "version": "5.1.1",
      "resolved": "https://registry.npmjs.org/bcrypt/-/bcrypt-5.1.1.tgz",
      "integrity": "sha512-Eo9Bk9ZV+oI8/Nfn5U+IhBwKj6n0zYxJT1wqRnYx6Kh7zN5UkgzEO8z0oJm9N/CpMwYrg7x3S7JwwzCE6v9jQ=="
    },
    "node_modules/compression": {
      "version": "1.7.4",
      "resolved": "https://registry.npmjs.org/compression/-/compression-1.7.4.tgz",
      "integrity": "sha512-jaSIDzP9pZVS4ZfQ+TzvtiWhdpFhE2RDHz8QJkpX9SIpLq88VueF5jJw6t+6CUQcAoA6t+x89MLrWAqpfDE8iQ=="
    },
    "node_modules/cors": {
      "version": "2.8.5",
      "resolved": "https://registry.npmjs.org/cors/-/cors-2.8.5.tgz",
      "integrity": "sha512-KIHbLJqu73RGr/hnbrO9uBeixNGuvSQjul/jdFvS/KFSIH1hWVd1ng7zOHx+YrEfInLG7q4n6GHQ9cDtxv/P6g=="
    },
    "node_modules/dotenv": {
      "version": "16.3.1",
      "resolved": "https://registry.npmjs.org/dotenv/-/dotenv-16.3.1.tgz",
      "integrity": "sha512-IPzF4w4/Rd94bA9imS68tZBaYyBWSCE47V1RGuMrB94iyTOIEwRmVL2x/4An+6mETpLrKJ5hQkB8W4kFAadeIQ=="
    },
    "node_modules/express": {
      "version": "4.18.2",
      "resolved": "https://registry.npmjs.org/express/-/express-4.18.2.tgz",
      "integrity": "sha512-5/PsL6iGPdfQ/lKM1UuielYgv3BUoJfz1aUwU9vHZ+J7gyvwdQXFEBIEIaxeGf0GIcreATNyBExtalisDbuMqQ=="
    },
    "node_modules/express-rate-limit": {
      "version": "7.1.5",
      "resolved": "https://registry.npmjs.org/express-rate-limit/-/express-rate-limit-7.1.5.tgz",
      "integrity": "sha512-FhGShrNO3Ou0ZqHDvnhp/+BLgGGJNNe4Kv9e8+TPF6vHkp+NQaXhG6gPH+hzZ8bQsN1qnKlrmTJhEWOBXGTrA=="
    },
    "node_modules/helmet": {
      "version": "7.1.0",
      "resolved": "https://registry.npmjs.org/helmet/-/helmet-7.1.0.tgz",
      "integrity": "sha512-g+HZqgfbpXdCkme/Cd/mZkV0aV3BZZZSugecH03kl38m/Kmdx8jKjBikpDj2cr+Iynv4KpYEviojNdTJActJAg=="
    },
    "node_modules/joi": {
      "version": "17.11.0",
      "resolved": "https://registry.npmjs.org/joi/-/joi-17.11.0.tgz",
      "integrity": "sha512-NgB+lZLNoqISVy1rZocE9PZI36bL/77ie924Ri43yEvi9GUUMPeyVIr8KdFTMUlby1p0PBYMk9spIxEUQYqrJQ=="
    },
    "node_modules/jsonwebtoken": {
      "version": "9.0.2",
      "resolved": "https://registry.npmjs.org/jsonwebtoken/-/jsonwebtoken-9.0.2.tgz",
      "integrity": "sha512-PRp66vJ865SSqOlgqS8hujT5U4AOgMfhrwYIuIhfKaoSCZcirrmASQr8CX7cUg+RMih+hgznrjp99o+W4pJLHQ=="
    },
    "node_modules/winston": {
      "version": "3.11.0",
      "resolved": "https://registry.npmjs.org/winston/-/winston-3.11.0.tgz",
      "integrity": "sha512-L3yR6/MzZAOl0DsysUXHVjOwv8mKZ71TrA/41EIduGpOOV5LQVodqN+QdQ6BS6PJ/RdIshZhq84P/fStEZkk7g=="
    },
    "node_modules/winston-daily-rotate-file": {
      "version": "4.7.1",
      "resolved": "https://registry.npmjs.org/winston-daily-rotate-file/-/winston-daily-rotate-file-4.7.1.tgz",
      "integrity": "sha512-7I5csOGJMJgoCFqNmcvrnOoGBIGVcfg8BoPZyebGu8tM98pXMYdAWnbh6HjcLTD7GZ5o2DG9v7PaRcCpMoOzfg=="
    },
    "node_modules/nodemon": {
      "version": "3.0.2",
      "resolved": "https://registry.npmjs.org/nodemon/-/nodemon-3.0.2.tgz",
      "integrity": "sha512-9qIN2LNTrEzpOPBaWHTm4Asy1LxXLSickZStAQ4IZe7zsoIpD/A7LWxhZV3t4Zu352uBcqVnRsDXSMR2Sc3lTA==",
      "dev": true
    },
    "node_modules/prisma": {
      "version": "5.7.1",
      "resolved": "https://registry.npmjs.org/prisma/-/prisma-5.7.1.tgz",
      "integrity": "sha512-VJFnQRKk6uYv+5dFc1ZHgvynNzj6Vqt8BdtjS/V9L6RrNSKtT9FXczCIxLg4TJSFnhRHkWnBe6dJ3S9fDq+SA==",
      "dev": true
    }
  }
}
